# THIS IS AN AUTOGENERATED FILE. DO NOT EDIT THIS FILE DIRECTLY.
# yarn lockfile v1


addressparser@~0.3.2:
  version "0.3.2"
  resolved "https://registry.yarnpkg.com/addressparser/-/addressparser-0.3.2.tgz#59873f35e8fcf6c7361c10239261d76e15348bb2"
  integrity sha1-WYc/Nej89sc2HBAjkmHXbhU0i7I=

dotenv@^10.0.0:
  version "10.0.0"
  resolved "https://registry.yarnpkg.com/dotenv/-/dotenv-10.0.0.tgz#3d4227b8fb95f81096cdd2b66653fb2c7085ba81"
  integrity sha512-rlBi9d8jpv9Sf1klPjNfFAuWDjKLwTIJJ/VxtoTwIR6hnZxcEOQCZg2oIL3MWBYw5GpUDKOEnND7LXTbIpQ03Q==

encoding@^0.1.11, encoding@~0.1.7:
  version "0.1.13"
  resolved "https://registry.yarnpkg.com/encoding/-/encoding-0.1.13.tgz#56574afdd791f54a8e9b2785c0582a2d26210fa9"
  integrity sha512-ETBauow1T35Y/WZMkio9jiM0Z5xjHHmJ4XmjZOq1l/dXz3lr2sRn87nJy20RupqSh1F2m3HHPSp8ShIPQJrJ3A==
  dependencies:
    iconv-lite "^0.6.2"

escape-string-regexp@~1.0.5:
  version "1.0.5"
  resolved "https://registry.yarnpkg.com/escape-string-regexp/-/escape-string-regexp-1.0.5.tgz#1b61c0562190a8dff6ae3bb2cf0200ca130b86d4"
  integrity sha1-G2HAViGQqN/2rjuyzwIAyhMLhtQ=

extend@~3.0.0:
  version "3.0.2"
  resolved "https://registry.yarnpkg.com/extend/-/extend-3.0.2.tgz#f8b1136b4071fbd8eb140aff858b1019ec2915fa"
  integrity sha512-fjquC59cD7CyW6urNXK0FBufkZcoiGG80wTuPujX590cB5Ttln20E2UB4S/WARVqhXffZl2LNgS+gQdPIIim/g==

iconv-lite@^0.6.2:
  version "0.6.3"
  resolved "https://registry.yarnpkg.com/iconv-lite/-/iconv-lite-0.6.3.tgz#a52f80bf38da1952eb5c681790719871a1a72501"
  integrity sha512-4fCk79wshMdzMp2rH06qWrJE4iolqLhCUH+OiuIgU++RB0+94NlDL81atO7GX55uUKueo0txHNtvEyI6D7WdMw==
  dependencies:
    safer-buffer ">= 2.1.2 < 3.0.0"

mailparser@^0.5.1:
  version "0.5.3"
  resolved "https://registry.yarnpkg.com/mailparser/-/mailparser-0.5.3.tgz#c3e3b2c76ad53ff1d1b8b03965c6209d3bbd58b5"
  integrity sha1-w+Oyx2rVP/HRuLA5ZcYgnTu9WLU=
  dependencies:
    encoding "^0.1.11"
    mime "^1.3.4"
    mimelib "^0.2.19"
    uue "^3.0.0"

mime@^1.3.4:
  version "1.6.0"
  resolved "https://registry.yarnpkg.com/mime/-/mime-1.6.0.tgz#32cd9e5c64553bd58d19a568af452acff04981b1"
  integrity sha512-x0Vn8spI+wuJ1O6S7gnbaQg8Pxh4NNHb7KSINmEWKiPE4RKOplvijn+NkmYmmRgP68mc70j2EbeTFRsrswaQeg==

mimelib@^0.2.19:
  version "0.2.19"
  resolved "https://registry.yarnpkg.com/mimelib/-/mimelib-0.2.19.tgz#37ec90a6ac7d00954851d0b2c31618f0a49da0ee"
  integrity sha1-N+yQpqx9AJVIUdCywxYY8KSdoO4=
  dependencies:
    addressparser "~0.3.2"
    encoding "~0.1.7"

"safer-buffer@>= 2.1.2 < 3.0.0":
  version "2.1.2"
  resolved "https://registry.yarnpkg.com/safer-buffer/-/safer-buffer-2.1.2.tgz#44fa161b0187b9549dd84bb91802f9bd8385cd6a"
  integrity sha512-YZo3K82SD7Riyi0E1EQPojLz7kpepnSQI9IyPbHHg1XXXevb5dJI7tpyN2ADxGcQbHG7vcyRHk0cbwqcQriUtg==

uue@^3.0.0:
  version "3.1.2"
  resolved "https://registry.yarnpkg.com/uue/-/uue-3.1.2.tgz#e99368414e87200012eb37de4dbaebaa1c742ad2"
  integrity sha512-axKLXVqwtdI/czrjG0X8hyV1KLgeWx8F4KvSbvVCnS+RUvsQMGRjx0kfuZDXXqj0LYvVJmx3B9kWlKtEdRrJLg==
  dependencies:
    escape-string-regexp "~1.0.5"
    extend "~3.0.0"

yapople@^0.4.8:
  version "0.4.8"
  resolved "https://registry.yarnpkg.com/yapople/-/yapople-0.4.8.tgz#1d72d20147fc487c005cd7de84e5b5852acbfec7"
  integrity sha512-242BLg1ss+KsrOzCdilwZ8kGUFZJIjOTYleoqhKw1Fpxvz9pRSlfUNStkRz7FKSpInRa2DPEuZowJAYZq14e6Q==
  dependencies:
    mailparser "^0.5.1"
